
Microsoft Visual Studio Solution File, Format Version 12.00
# Visual Studio Version 17
VisualStudioVersion = 17.14.36203.30 d17.14
MinimumVisualStudioVersion = 10.0.40219.1
Project("{FAE04EC0-301F-11D3-BF4B-00C04F79EFBC}") = "ProjectTaskManagement", "ProjectTaskManagement\ProjectTaskManagement.csproj", "{2A4CA09D-11DE-45B0-9CBB-5C3B1D5CD5DE}"
EndProject
Global
	GlobalSection(SolutionConfigurationPlatforms) = preSolution
		Debug|Any CPU = Debug|Any CPU
		Release|Any CPU = Release|Any CPU
	EndGlobalSection
	GlobalSection(ProjectConfigurationPlatforms) = postSolution
		{2A4CA09D-11DE-45B0-9CBB-5C3B1D5CD5DE}.Debug|Any CPU.ActiveCfg = Debug|Any CPU
		{2A4CA09D-11DE-45B0-9CBB-5C3B1D5CD5DE}.Debug|Any CPU.Build.0 = Debug|Any CPU
		{2A4CA09D-11DE-45B0-9CBB-5C3B1D5CD5DE}.Release|Any CPU.ActiveCfg = Release|Any CPU
		{2A4CA09D-11DE-45B0-9CBB-5C3B1D5CD5DE}.Release|Any CPU.Build.0 = Release|Any CPU
	EndGlobalSection
	GlobalSection(SolutionProperties) = preSolution
		HideSolutionNode = FALSE
	EndGlobalSection
	GlobalSection(ExtensibilityGlobals) = postSolution
		SolutionGuid = {3B10EA67-C839-46AC-A559-7E605F61653C}
	EndGlobalSection
EndGlobal
